
Microsoft Visual Studio Solution File, Format Version 11.00
# Visual Studio 2010
Project("{FAE04EC0-301F-11D3-BF4B-00C04F79EFBC}") = "SillyGame", "SillyGame\SillyGame\SillyGame.csproj", "{7D6F0875-BB94-4859-BB6E-7A5DABDDB4B1}"
EndProject
Project("{96E2B04D-8817-42C6-938A-82C39BA4D311}") = "SillyGameContent", "SillyGame\SillyGameContent\SillyGameContent.contentproj", "{6EB67EE0-7782-431C-8048-281911011A76}"
EndProject
Global
	GlobalSection(SolutionConfigurationPlatforms) = preSolution
		Debug|x86 = Debug|x86
		Release|x86 = Release|x86
	EndGlobalSection
	GlobalSection(ProjectConfigurationPlatforms) = postSolution
		{7D6F0875-BB94-4859-BB6E-7A5DABDDB4B1}.Debug|x86.ActiveCfg = Debug|x86
		{7D6F0875-BB94-4859-BB6E-7A5DABDDB4B1}.Debug|x86.Build.0 = Debug|x86
		{7D6F0875-BB94-4859-BB6E-7A5DABDDB4B1}.Release|x86.ActiveCfg = Release|x86
		{7D6F0875-BB94-4859-BB6E-7A5DABDDB4B1}.Release|x86.Build.0 = Release|x86
		{6EB67EE0-7782-431C-8048-281911011A76}.Debug|x86.ActiveCfg = Debug|x86
		{6EB67EE0-7782-431C-8048-281911011A76}.Release|x86.ActiveCfg = Release|x86
	EndGlobalSection
	GlobalSection(SolutionProperties) = preSolution
		HideSolutionNode = FALSE
	EndGlobalSection
EndGlobal
